// !$*UTF8*$!
{
	archiveVersion = 1;
	classes = {
	};
	objectVersion = 55;
	objects = {

/* Begin PBXBuildFile section */
		B74305F32872E7EC00890443 /* Music_WidgetApp.swift in Sources */ = {isa = PBXBuildFile; fileRef = B74305F22872E7EC00890443 /* Music_WidgetApp.swift */; };
		B74305F52872E7EC00890443 /* ContentView.swift in Sources */ = {isa = PBXBuildFile; fileRef = B74305F42872E7EC00890443 /* ContentView.swift */; };
		B74305F72872E7ED00890443 /* Assets.xcassets in Resources */ = {isa = PBXBuildFile; fileRef = B74305F62872E7ED00890443 /* Assets.xcassets */; };
		B74305FA2872E7ED00890443 /* Preview Assets.xcassets in Resources */ = {isa = PBXBuildFile; fileRef = B74305F92872E7ED00890443 /* Preview Assets.xcassets */; };
		B74306032872E9FB00890443 /* AppleScriptObjC.framework in Frameworks */ = {isa = PBXBuildFile; fileRef = B74306022872E9FB00890443 /* AppleScriptObjC.framework */; };
		B74306052872EAAF00890443 /* MusicAppBridge.applescript in Sources */ = {isa = PBXBuildFile; fileRef = B74306042872EAAF00890443 /* MusicAppBridge.applescript */; };
		B74306092872ED5A00890443 /* MusicAppBridge.swift in Sources */ = {isa = PBXBuildFile; fileRef = B74306082872ED5A00890443 /* MusicAppBridge.swift */; };
		B743060F2873573D00890443 /* MusicModel.swift in Sources */ = {isa = PBXBuildFile; fileRef = B743060E2873573D00890443 /* MusicModel.swift */; };
		B765C12E2DCD057C00345311 /* TODO.md in Resources */ = {isa = PBXBuildFile; fileRef = B765C12D2DCD057800345311 /* TODO.md */; };
		B7AE63AA287429F60073A4DF /* Track.swift in Sources */ = {isa = PBXBuildFile; fileRef = B7AE63A9287429F60073A4DF /* Track.swift */; };
		B7AE63B1287434E70073A4DF /* MusicState.swift in Sources */ = {isa = PBXBuildFile; fileRef = B7AE63B0287434E70073A4DF /* MusicState.swift */; };
		B7AE63B5287438570073A4DF /* AppDelegate.swift in Sources */ = {isa = PBXBuildFile; fileRef = B7AE63B4287438570073A4DF /* AppDelegate.swift */; };
/* End PBXBuildFile section */

/* Begin PBXFileReference section */
		B74305EF2872E7EC00890443 /* Music Widget.app */ = {isa = PBXFileReference; explicitFileType = wrapper.application; includeInIndex = 0; path = "Music Widget.app"; sourceTree = BUILT_PRODUCTS_DIR; };
		B74305F22872E7EC00890443 /* Music_WidgetApp.swift */ = {isa = PBXFileReference; lastKnownFileType = sourcecode.swift; path = Music_WidgetApp.swift; sourceTree = "<group>"; };
		B74305F42872E7EC00890443 /* ContentView.swift */ = {isa = PBXFileReference; lastKnownFileType = sourcecode.swift; path = ContentView.swift; sourceTree = "<group>"; };
		B74305F62872E7ED00890443 /* Assets.xcassets */ = {isa = PBXFileReference; lastKnownFileType = folder.assetcatalog; path = Assets.xcassets; sourceTree = "<group>"; };
		B74305F92872E7ED00890443 /* Preview Assets.xcassets */ = {isa = PBXFileReference; lastKnownFileType = folder.assetcatalog; path = "Preview Assets.xcassets"; sourceTree = "<group>"; };
		B74305FB2872E7ED00890443 /* Music_Widget.entitlements */ = {isa = PBXFileReference; lastKnownFileType = text.plist.entitlements; path = Music_Widget.entitlements; sourceTree = "<group>"; };
		B74306022872E9FB00890443 /* AppleScriptObjC.framework */ = {isa = PBXFileReference; lastKnownFileType = wrapper.framework; name = AppleScriptObjC.framework; path = System/Library/Frameworks/AppleScriptObjC.framework; sourceTree = SDKROOT; };
		B74306042872EAAF00890443 /* MusicAppBridge.applescript */ = {isa = PBXFileReference; lastKnownFileType = sourcecode.applescript; path = MusicAppBridge.applescript; sourceTree = "<group>"; };
		B74306082872ED5A00890443 /* MusicAppBridge.swift */ = {isa = PBXFileReference; lastKnownFileType = sourcecode.swift; path = MusicAppBridge.swift; sourceTree = "<group>"; };
		B743060E2873573D00890443 /* MusicModel.swift */ = {isa = PBXFileReference; fileEncoding = 4; lastKnownFileType = sourcecode.swift; path = MusicModel.swift; sourceTree = "<group>"; };
		B765C12D2DCD057800345311 /* TODO.md */ = {isa = PBXFileReference; lastKnownFileType = net.daringfireball.markdown; path = TODO.md; sourceTree = "<group>"; };
		B7AE63A9287429F60073A4DF /* Track.swift */ = {isa = PBXFileReference; lastKnownFileType = sourcecode.swift; path = Track.swift; sourceTree = "<group>"; };
		B7AE63B0287434E70073A4DF /* MusicState.swift */ = {isa = PBXFileReference; lastKnownFileType = sourcecode.swift; path = MusicState.swift; sourceTree = "<group>"; };
		B7AE63B4287438570073A4DF /* AppDelegate.swift */ = {isa = PBXFileReference; lastKnownFileType = sourcecode.swift; path = AppDelegate.swift; sourceTree = "<group>"; };
/* End PBXFileReference section */

/* Begin PBXFrameworksBuildPhase section */
		B74305EC2872E7EC00890443 /* Frameworks */ = {
			isa = PBXFrameworksBuildPhase;
			buildActionMask = 2147483647;
			files = (
				B74306032872E9FB00890443 /* AppleScriptObjC.framework in Frameworks */,
			);
			runOnlyForDeploymentPostprocessing = 0;
		};
/* End PBXFrameworksBuildPhase section */

/* Begin PBXGroup section */
		B74305E62872E7EC00890443 = {
			isa = PBXGroup;
			children = (
				B765C12D2DCD057800345311 /* TODO.md */,
				B74305F12872E7EC00890443 /* Music Widget */,
				B74305F02872E7EC00890443 /* Products */,
				B74306012872E9FB00890443 /* Frameworks */,
			);
			sourceTree = "<group>";
		};
		B74305F02872E7EC00890443 /* Products */ = {
			isa = PBXGroup;
			children = (
				B74305EF2872E7EC00890443 /* Music Widget.app */,
			);
			name = Products;
			sourceTree = "<group>";
		};
		B74305F12872E7EC00890443 /* Music Widget */ = {
			isa = PBXGroup;
			children = (
				B7AE63AE28742BFC0073A4DF /* Controller */,
				B7AE63AD28742B210073A4DF /* Model */,
				B7AE63A8287429C60073A4DF /* MusicBridge */,
				B7AE63AF28742C030073A4DF /* View */,
				B74305F22872E7EC00890443 /* Music_WidgetApp.swift */,
				B7AE63B4287438570073A4DF /* AppDelegate.swift */,
				B74305F62872E7ED00890443 /* Assets.xcassets */,
				B74305FB2872E7ED00890443 /* Music_Widget.entitlements */,
				B74305F82872E7ED00890443 /* Preview Content */,
			);
			path = "Music Widget";
			sourceTree = "<group>";
		};
		B74305F82872E7ED00890443 /* Preview Content */ = {
			isa = PBXGroup;
			children = (
				B74305F92872E7ED00890443 /* Preview Assets.xcassets */,
			);
			path = "Preview Content";
			sourceTree = "<group>";
		};
		B74306012872E9FB00890443 /* Frameworks */ = {
			isa = PBXGroup;
			children = (
				B74306022872E9FB00890443 /* AppleScriptObjC.framework */,
			);
			name = Frameworks;
			sourceTree = "<group>";
		};
		B7AE63A8287429C60073A4DF /* MusicBridge */ = {
			isa = PBXGroup;
			children = (
				B74306082872ED5A00890443 /* MusicAppBridge.swift */,
				B74306042872EAAF00890443 /* MusicAppBridge.applescript */,
				B7AE63A9287429F60073A4DF /* Track.swift */,
				B7AE63B0287434E70073A4DF /* MusicState.swift */,
			);
			name = MusicBridge;
			sourceTree = "<group>";
		};
		B7AE63AD28742B210073A4DF /* Model */ = {
			isa = PBXGroup;
			children = (
				B743060E2873573D00890443 /* MusicModel.swift */,
			);
			name = Model;
			sourceTree = "<group>";
		};
		B7AE63AE28742BFC0073A4DF /* Controller */ = {
			isa = PBXGroup;
			children = (
			);
			name = Controller;
			sourceTree = "<group>";
		};
		B7AE63AF28742C030073A4DF /* View */ = {
			isa = PBXGroup;
			children = (
				B74305F42872E7EC00890443 /* ContentView.swift */,
			);
			name = View;
			sourceTree = "<group>";
		};
/* End PBXGroup section */

/* Begin PBXNativeTarget section */
		B74305EE2872E7EC00890443 /* Music Widget */ = {
			isa = PBXNativeTarget;
			buildConfigurationList = B74305FE2872E7ED00890443 /* Build configuration list for PBXNativeTarget "Music Widget" */;
			buildPhases = (
				B74305EB2872E7EC00890443 /* Sources */,
				B74305EC2872E7EC00890443 /* Frameworks */,
				B74305ED2872E7EC00890443 /* Resources */,
			);
			buildRules = (
			);
			dependencies = (
			);
			name = "Music Widget";
			productName = "Music Widget";
			productReference = B74305EF2872E7EC00890443 /* Music Widget.app */;
			productType = "com.apple.product-type.application";
		};
/* End PBXNativeTarget section */

/* Begin PBXProject section */
		B74305E72872E7EC00890443 /* Project object */ = {
			isa = PBXProject;
			attributes = {
				BuildIndependentTargetsInParallel = 1;
				LastSwiftUpdateCheck = 1340;
				LastUpgradeCheck = 2630;
				TargetAttributes = {
					B74305EE2872E7EC00890443 = {
						CreatedOnToolsVersion = 13.4.1;
					};
				};
			};
			buildConfigurationList = B74305EA2872E7EC00890443 /* Build configuration list for PBXProject "Music Widget" */;
			compatibilityVersion = "Xcode 13.0";
			developmentRegion = en;
			hasScannedForEncodings = 0;
			knownRegions = (
				en,
				Base,
			);
			mainGroup = B74305E62872E7EC00890443;
			productRefGroup = B74305F02872E7EC00890443 /* Products */;
			projectDirPath = "";
			projectRoot = "";
			targets = (
				B74305EE2872E7EC00890443 /* Music Widget */,
			);
		};
/* End PBXProject section */

/* Begin PBXResourcesBuildPhase section */
		B74305ED2872E7EC00890443 /* Resources */ = {
			isa = PBXResourcesBuildPhase;
			buildActionMask = 2147483647;
			files = (
				B765C12E2DCD057C00345311 /* TODO.md in Resources */,
				B74305FA2872E7ED00890443 /* Preview Assets.xcassets in Resources */,
				B74305F72872E7ED00890443 /* Assets.xcassets in Resources */,
			);
			runOnlyForDeploymentPostprocessing = 0;
		};
/* End PBXResourcesBuildPhase section */

/* Begin PBXSourcesBuildPhase section */
		B74305EB2872E7EC00890443 /* Sources */ = {
			isa = PBXSourcesBuildPhase;
			buildActionMask = 2147483647;
			files = (
				B74305F52872E7EC00890443 /* ContentView.swift in Sources */,
				B743060F2873573D00890443 /* MusicModel.swift in Sources */,
				B74305F32872E7EC00890443 /* Music_WidgetApp.swift in Sources */,
				B7AE63B5287438570073A4DF /* AppDelegate.swift in Sources */,
				B74306092872ED5A00890443 /* MusicAppBridge.swift in Sources */,
				B7AE63B1287434E70073A4DF /* MusicState.swift in Sources */,
				B74306052872EAAF00890443 /* MusicAppBridge.applescript in Sources */,
				B7AE63AA287429F60073A4DF /* Track.swift in Sources */,
			);
			runOnlyForDeploymentPostprocessing = 0;
		};
/* End PBXSourcesBuildPhase section */

/* Begin XCBuildConfiguration section */
		B74305FC2872E7ED00890443 /* Debug */ = {
			isa = XCBuildConfiguration;
			buildSettings = {
				ALWAYS_SEARCH_USER_PATHS = NO;
				CLANG_ANALYZER_NONNULL = YES;
				CLANG_ANALYZER_NUMBER_OBJECT_CONVERSION = YES_AGGRESSIVE;
				CLANG_CXX_LANGUAGE_STANDARD = "gnu++17";
				CLANG_ENABLE_MODULES = YES;
				CLANG_ENABLE_OBJC_ARC = YES;
				CLANG_ENABLE_OBJC_WEAK = YES;
				CLANG_WARN_BLOCK_CAPTURE_AUTORELEASING = YES;
				CLANG_WARN_BOOL_CONVERSION = YES;
				CLANG_WARN_COMMA = YES;
				CLANG_WARN_CONSTANT_CONVERSION = YES;
				CLANG_WARN_DEPRECATED_OBJC_IMPLEMENTATIONS = YES;
				CLANG_WARN_DIRECT_OBJC_ISA_USAGE = YES_ERROR;
				CLANG_WARN_DOCUMENTATION_COMMENTS = YES;
				CLANG_WARN_EMPTY_BODY = YES;
				CLANG_WARN_ENUM_CONVERSION = YES;
				CLANG_WARN_INFINITE_RECURSION = YES;
				CLANG_WARN_INT_CONVERSION = YES;
				CLANG_WARN_NON_LITERAL_NULL_CONVERSION = YES;
				CLANG_WARN_OBJC_IMPLICIT_RETAIN_SELF = YES;
				CLANG_WARN_OBJC_LITERAL_CONVERSION = YES;
				CLANG_WARN_OBJC_ROOT_CLASS = YES_ERROR;
				CLANG_WARN_QUOTED_INCLUDE_IN_FRAMEWORK_HEADER = YES;
				CLANG_WARN_RANGE_LOOP_ANALYSIS = YES;
				CLANG_WARN_STRICT_PROTOTYPES = YES;
				CLANG_WARN_SUSPICIOUS_MOVE = YES;
				CLANG_WARN_UNGUARDED_AVAILABILITY = YES_AGGRESSIVE;
				CLANG_WARN_UNREACHABLE_CODE = YES;
				CLANG_WARN__DUPLICATE_METHOD_MATCH = YES;
				COPY_PHASE_STRIP = NO;
				DEAD_CODE_STRIPPING = YES;
				DEBUG_INFORMATION_FORMAT = dwarf;
				DEVELOPMENT_TEAM = YASJ5FU5X8;
				ENABLE_STRICT_OBJC_MSGSEND = YES;
				ENABLE_TESTABILITY = YES;
				ENABLE_USER_SCRIPT_SANDBOXING = YES;
				GCC_C_LANGUAGE_STANDARD = gnu11;
				GCC_DYNAMIC_NO_PIC = NO;
				GCC_NO_COMMON_BLOCKS = YES;
				GCC_OPTIMIZATION_LEVEL = 0;
				GCC_PREPROCESSOR_DEFINITIONS = (
					"DEBUG=1",
					"$(inherited)",
				);
				GCC_WARN_64_TO_32_BIT_CONVERSION = YES;
				GCC_WARN_ABOUT_RETURN_TYPE = YES_ERROR;
				GCC_WARN_UNDECLARED_SELECTOR = YES;
				GCC_WARN_UNINITIALIZED_AUTOS = YES_AGGRESSIVE;
				GCC_WARN_UNUSED_FUNCTION = YES;
				GCC_WARN_UNUSED_VARIABLE = YES;
				MACOSX_DEPLOYMENT_TARGET = 12.4;
				MTL_ENABLE_DEBUG_INFO = INCLUDE_SOURCE;
				MTL_FAST_MATH = YES;
				ONLY_ACTIVE_ARCH = YES;
				SDKROOT = macosx;
				STRING_CATALOG_GENERATE_SYMBOLS = YES;
				SWIFT_ACTIVE_COMPILATION_CONDITIONS = DEBUG;
				SWIFT_OPTIMIZATION_LEVEL = "-Onone";
			};
			name = Debug;
		};
		B74305FD2872E7ED00890443 /* Release */ = {
			isa = XCBuildConfiguration;
			buildSettings = {
				ALWAYS_SEARCH_USER_PATHS = NO;
				CLANG_ANALYZER_NONNULL = YES;
				CLANG_ANALYZER_NUMBER_OBJECT_CONVERSION = YES_AGGRESSIVE;
				CLANG_CXX_LANGUAGE_STANDARD = "gnu++17";
				CLANG_ENABLE_MODULES = YES;
				CLANG_ENABLE_OBJC_ARC = YES;
				CLANG_ENABLE_OBJC_WEAK = YES;
				CLANG_WARN_BLOCK_CAPTURE_AUTORELEASING = YES;
				CLANG_WARN_BOOL_CONVERSION = YES;
				CLANG_WARN_COMMA = YES;
				CLANG_WARN_CONSTANT_CONVERSION = YES;
				CLANG_WARN_DEPRECATED_OBJC_IMPLEMENTATIONS = YES;
				CLANG_WARN_DIRECT_OBJC_ISA_USAGE = YES_ERROR;
				CLANG_WARN_DOCUMENTATION_COMMENTS = YES;
				CLANG_WARN_EMPTY_BODY = YES;
				CLANG_WARN_ENUM_CONVERSION = YES;
				CLANG_WARN_INFINITE_RECURSION = YES;
				CLANG_WARN_INT_CONVERSION = YES;
				CLANG_WARN_NON_LITERAL_NULL_CONVERSION = YES;
				CLANG_WARN_OBJC_IMPLICIT_RETAIN_SELF = YES;
				CLANG_WARN_OBJC_LITERAL_CONVERSION = YES;
				CLANG_WARN_OBJC_ROOT_CLASS = YES_ERROR;
				CLANG_WARN_QUOTED_INCLUDE_IN_FRAMEWORK_HEADER = YES;
				CLANG_WARN_RANGE_LOOP_ANALYSIS = YES;
				CLANG_WARN_STRICT_PROTOTYPES = YES;
				CLANG_WARN_SUSPICIOUS_MOVE = YES;
				CLANG_WARN_UNGUARDED_AVAILABILITY = YES_AGGRESSIVE;
				CLANG_WARN_UNREACHABLE_CODE = YES;
				CLANG_WARN__DUPLICATE_METHOD_MATCH = YES;
				COPY_PHASE_STRIP = NO;
				DEAD_CODE_STRIPPING = YES;
				DEBUG_INFORMATION_FORMAT = "dwarf-with-dsym";
				DEVELOPMENT_TEAM = YASJ5FU5X8;
				ENABLE_NS_ASSERTIONS = NO;
				ENABLE_STRICT_OBJC_MSGSEND = YES;
				ENABLE_USER_SCRIPT_SANDBOXING = YES;
				GCC_C_LANGUAGE_STANDARD = gnu11;
				GCC_NO_COMMON_BLOCKS = YES;
				GCC_WARN_64_TO_32_BIT_CONVERSION = YES;
				GCC_WARN_ABOUT_RETURN_TYPE = YES_ERROR;
				GCC_WARN_UNDECLARED_SELECTOR = YES;
				GCC_WARN_UNINITIALIZED_AUTOS = YES_AGGRESSIVE;
				GCC_WARN_UNUSED_FUNCTION = YES;
				GCC_WARN_UNUSED_VARIABLE = YES;
				MACOSX_DEPLOYMENT_TARGET = 12.4;
				MTL_ENABLE_DEBUG_INFO = NO;
				MTL_FAST_MATH = YES;
				SDKROOT = macosx;
				STRING_CATALOG_GENERATE_SYMBOLS = YES;
				SWIFT_COMPILATION_MODE = wholemodule;
				SWIFT_OPTIMIZATION_LEVEL = "-O";
			};
			name = Release;
		};
		B74305FF2872E7ED00890443 /* Debug */ = {
			isa = XCBuildConfiguration;
			buildSettings = {
				ASSETCATALOG_COMPILER_APPICON_NAME = AppIcon;
				ASSETCATALOG_COMPILER_GLOBAL_ACCENT_COLOR_NAME = AccentColor;
				AUTOMATION_APPLE_EVENTS = YES;
				CODE_SIGN_ENTITLEMENTS = "Music Widget/Music_Widget.entitlements";
				"CODE_SIGN_IDENTITY[sdk=macosx*]" = "Apple Development";
				CODE_SIGN_STYLE = Automatic;
				COMBINE_HIDPI_IMAGES = YES;
				CURRENT_PROJECT_VERSION = 1;
				DEAD_CODE_STRIPPING = YES;
				DEVELOPMENT_ASSET_PATHS = "\"Music Widget/Preview Content\"";
				ENABLE_APP_SANDBOX = YES;
				ENABLE_FILE_ACCESS_DOWNLOADS_FOLDER = readwrite;
				ENABLE_HARDENED_RUNTIME = YES;
				ENABLE_PREVIEWS = YES;
				ENABLE_USER_SELECTED_FILES = readonly;
				GENERATE_INFOPLIST_FILE = YES;
				INFOPLIST_FILE = Info.plist;
				INFOPLIST_KEY_NSAppleEventsUsageDescription = "Required to control the Music App.";
				INFOPLIST_KEY_NSHumanReadableCopyright = "";
				LD_RUNPATH_SEARCH_PATHS = (
					"$(inherited)",
					"@executable_path/../Frameworks",
				);
				MACOSX_DEPLOYMENT_TARGET = 14.0;
				MARKETING_VERSION = 1.0;
				PRODUCT_BUNDLE_IDENTIFIER = "groening.dev.Music-Widget";
				PRODUCT_NAME = "$(TARGET_NAME)";
				SWIFT_EMIT_LOC_STRINGS = YES;
				SWIFT_VERSION = 5.0;
			};
			name = Debug;
		};
		B74306002872E7ED00890443 /* Release */ = {
			isa = XCBuildConfiguration;
			buildSettings = {
				ASSETCATALOG_COMPILER_APPICON_NAME = AppIcon;
				ASSETCATALOG_COMPILER_GLOBAL_ACCENT_COLOR_NAME = AccentColor;
				AUTOMATION_APPLE_EVENTS = YES;
				CODE_SIGN_ENTITLEMENTS = "Music Widget/Music_Widget.entitlements";
				"CODE_SIGN_IDENTITY[sdk=macosx*]" = "Apple Development";
				CODE_SIGN_STYLE = Automatic;
				COMBINE_HIDPI_IMAGES = YES;
				CURRENT_PROJECT_VERSION = 1;
				DEAD_CODE_STRIPPING = YES;
				DEVELOPMENT_ASSET_PATHS = "\"Music Widget/Preview Content\"";
				ENABLE_APP_SANDBOX = YES;
				ENABLE_FILE_ACCESS_DOWNLOADS_FOLDER = readwrite;
				ENABLE_HARDENED_RUNTIME = YES;
				ENABLE_PREVIEWS = YES;
				ENABLE_USER_SELECTED_FILES = readonly;
				GENERATE_INFOPLIST_FILE = YES;
				INFOPLIST_FILE = Info.plist;
				INFOPLIST_KEY_NSAppleEventsUsageDescription = "Required to control the Music App.";
				INFOPLIST_KEY_NSHumanReadableCopyright = "";
				LD_RUNPATH_SEARCH_PATHS = (
					"$(inherited)",
					"@executable_path/../Frameworks",
				);
				MACOSX_DEPLOYMENT_TARGET = 14.0;
				MARKETING_VERSION = 1.0;
				PRODUCT_BUNDLE_IDENTIFIER = "groening.dev.Music-Widget";
				PRODUCT_NAME = "$(TARGET_NAME)";
				SWIFT_EMIT_LOC_STRINGS = YES;
				SWIFT_VERSION = 5.0;
			};
			name = Release;
		};
/* End XCBuildConfiguration section */

/* Begin XCConfigurationList section */
		B74305EA2872E7EC00890443 /* Build configuration list for PBXProject "Music Widget" */ = {
			isa = XCConfigurationList;
			buildConfigurations = (
				B74305FC2872E7ED00890443 /* Debug */,
				B74305FD2872E7ED00890443 /* Release */,
			);
			defaultConfigurationIsVisible = 0;
			defaultConfigurationName = Release;
		};
		B74305FE2872E7ED00890443 /* Build configuration list for PBXNativeTarget "Music Widget" */ = {
			isa = XCConfigurationList;
			buildConfigurations = (
				B74305FF2872E7ED00890443 /* Debug */,
				B74306002872E7ED00890443 /* Release */,
			);
			defaultConfigurationIsVisible = 0;
			defaultConfigurationName = Release;
		};
/* End XCConfigurationList section */
	};
	rootObject = B74305E72872E7EC00890443 /* Project object */;
}
